
Microsoft Visual Studio Solution File, Format Version 12.00
# Visual Studio Version 16
VisualStudioVersion = 16.0.31025.194
MinimumVisualStudioVersion = 10.0.40219.1
Project("{FAE04EC0-301F-11D3-BF4B-00C04F79EFBC}") = "Aplicatie_SmartCity", "Aplicatie_SmartCity\Aplicatie_SmartCity.csproj", "{2E6A69B1-D0AF-4A93-BC24-97BDEDE02D05}"
EndProject
Global
	GlobalSection(SolutionConfigurationPlatforms) = preSolution
		Debug|Any CPU = Debug|Any CPU
		Release|Any CPU = Release|Any CPU
	EndGlobalSection
	GlobalSection(ProjectConfigurationPlatforms) = postSolution
		{2E6A69B1-D0AF-4A93-BC24-97BDEDE02D05}.Debug|Any CPU.ActiveCfg = Debug|Any CPU
		{2E6A69B1-D0AF-4A93-BC24-97BDEDE02D05}.Debug|Any CPU.Build.0 = Debug|Any CPU
		{2E6A69B1-D0AF-4A93-BC24-97BDEDE02D05}.Release|Any CPU.ActiveCfg = Release|Any CPU
		{2E6A69B1-D0AF-4A93-BC24-97BDEDE02D05}.Release|Any CPU.Build.0 = Release|Any CPU
	EndGlobalSection
	GlobalSection(SolutionProperties) = preSolution
		HideSolutionNode = FALSE
	EndGlobalSection
	GlobalSection(ExtensibilityGlobals) = postSolution
		SolutionGuid = {F02E898E-425B-4404-A0B2-20A7224E13E6}
	EndGlobalSection
EndGlobal
